
Microsoft Visual Studio Solution File, Format Version 12.00
# Visual Studio Version 17
VisualStudioVersion = 17.8.34525.116
MinimumVisualStudioVersion = 10.0.40219.1
Project("{FAE04EC0-301F-11D3-BF4B-00C04F79EFBC}") = "GemHunter", "GemHunter\GemHunter.csproj", "{9AD6A822-6D81-462F-972D-3EC9650E2FAD}"
EndProject
Global
	GlobalSection(SolutionConfigurationPlatforms) = preSolution
		Debug|Any CPU = Debug|Any CPU
		Release|Any CPU = Release|Any CPU
	EndGlobalSection
	GlobalSection(ProjectConfigurationPlatforms) = postSolution
		{9AD6A822-6D81-462F-972D-3EC9650E2FAD}.Debug|Any CPU.ActiveCfg = Debug|Any CPU
		{9AD6A822-6D81-462F-972D-3EC9650E2FAD}.Debug|Any CPU.Build.0 = Debug|Any CPU
		{9AD6A822-6D81-462F-972D-3EC9650E2FAD}.Release|Any CPU.ActiveCfg = Release|Any CPU
		{9AD6A822-6D81-462F-972D-3EC9650E2FAD}.Release|Any CPU.Build.0 = Release|Any CPU
	EndGlobalSection
	GlobalSection(SolutionProperties) = preSolution
		HideSolutionNode = FALSE
	EndGlobalSection
	GlobalSection(ExtensibilityGlobals) = postSolution
		SolutionGuid = {DD023BC6-F355-4EE5-BB7A-7E09EB36D63D}
	EndGlobalSection
EndGlobal
